// !$*UTF8*$!
{
	archiveVersion = 1;
	classes = {
	};
	objectVersion = 46;
	objects = {

/* Begin PBXBuildFile section */
		7338D2D412E0FE5300F10429 /* UIKit.framework in Frameworks */ = {isa = PBXBuildFile; fileRef = 7338D2D312E0FE5300F10429 /* UIKit.framework */; };
		7338D2D612E0FE5300F10429 /* Foundation.framework in Frameworks */ = {isa = PBXBuildFile; fileRef = 7338D2D512E0FE5300F10429 /* Foundation.framework */; };
		7338D2D812E0FE5300F10429 /* CoreGraphics.framework in Frameworks */ = {isa = PBXBuildFile; fileRef = 7338D2D712E0FE5300F10429 /* CoreGraphics.framework */; };
		7338D2DE12E0FE5300F10429 /* InfoPlist.strings in Resources */ = {isa = PBXBuildFile; fileRef = 7338D2DC12E0FE5300F10429 /* InfoPlist.strings */; };
		7338D2E112E0FE5300F10429 /* main.m in Sources */ = {isa = PBXBuildFile; fileRef = 7338D2E012E0FE5300F10429 /* main.m */; };
		7338D2E412E0FE5300F10429 /* TuneFightAppDelegate.m in Sources */ = {isa = PBXBuildFile; fileRef = 7338D2E312E0FE5300F10429 /* TuneFightAppDelegate.m */; };
		7338D2FD12E100EC00F10429 /* RootViewController.m in Sources */ = {isa = PBXBuildFile; fileRef = 7338D2FC12E100EC00F10429 /* RootViewController.m */; };
		7338D30012E1038500F10429 /* TuneView.m in Sources */ = {isa = PBXBuildFile; fileRef = 7338D2FF12E1038500F10429 /* TuneView.m */; };
		7376386712E26516009A3A5D /* Accelerate.framework in Frameworks */ = {isa = PBXBuildFile; fileRef = 7376386612E26516009A3A5D /* Accelerate.framework */; };
		73B783FC12E10C6B00B313C3 /* CoreMedia.framework in Frameworks */ = {isa = PBXBuildFile; fileRef = 73B783FB12E10C6B00B313C3 /* CoreMedia.framework */; };
		73B783FE12E10C6B00B313C3 /* MediaPlayer.framework in Frameworks */ = {isa = PBXBuildFile; fileRef = 73B783FD12E10C6B00B313C3 /* MediaPlayer.framework */; };
		73B7840812E10C9900B313C3 /* AVFoundation.framework in Frameworks */ = {isa = PBXBuildFile; fileRef = 73B7840712E10C9900B313C3 /* AVFoundation.framework */; };
		73D92DFC12E6520900A3379C /* PCMView.m in Sources */ = {isa = PBXBuildFile; fileRef = 73D92DFB12E6520900A3379C /* PCMView.m */; };
		73DB58FD12E3167800462828 /* HistogramView.m in Sources */ = {isa = PBXBuildFile; fileRef = 73DB58FC12E3167800462828 /* HistogramView.m */; };
		73DB5BF012E387FD00462828 /* QuartzCore.framework in Frameworks */ = {isa = PBXBuildFile; fileRef = 73DB5BEF12E387FD00462828 /* QuartzCore.framework */; };
/* End PBXBuildFile section */

/* Begin PBXFileReference section */
		7338D2CF12E0FE5300F10429 /* TuneFight.app */ = {isa = PBXFileReference; explicitFileType = wrapper.application; includeInIndex = 0; path = TuneFight.app; sourceTree = BUILT_PRODUCTS_DIR; };
		7338D2D312E0FE5300F10429 /* UIKit.framework */ = {isa = PBXFileReference; lastKnownFileType = wrapper.framework; name = UIKit.framework; path = System/Library/Frameworks/UIKit.framework; sourceTree = SDKROOT; };
		7338D2D512E0FE5300F10429 /* Foundation.framework */ = {isa = PBXFileReference; lastKnownFileType = wrapper.framework; name = Foundation.framework; path = System/Library/Frameworks/Foundation.framework; sourceTree = SDKROOT; };
		7338D2D712E0FE5300F10429 /* CoreGraphics.framework */ = {isa = PBXFileReference; lastKnownFileType = wrapper.framework; name = CoreGraphics.framework; path = System/Library/Frameworks/CoreGraphics.framework; sourceTree = SDKROOT; };
		7338D2DB12E0FE5300F10429 /* TuneFight-Info.plist */ = {isa = PBXFileReference; lastKnownFileType = text.plist.xml; path = "TuneFight-Info.plist"; sourceTree = "<group>"; };
		7338D2DD12E0FE5300F10429 /* en */ = {isa = PBXFileReference; lastKnownFileType = text.plist.strings; name = en; path = en.lproj/InfoPlist.strings; sourceTree = "<group>"; };
		7338D2DF12E0FE5300F10429 /* TuneFight-Prefix.pch */ = {isa = PBXFileReference; lastKnownFileType = sourcecode.c.h; path = "TuneFight-Prefix.pch"; sourceTree = "<group>"; };
		7338D2E012E0FE5300F10429 /* main.m */ = {isa = PBXFileReference; lastKnownFileType = sourcecode.c.objc; path = main.m; sourceTree = "<group>"; };
		7338D2E212E0FE5300F10429 /* TuneFightAppDelegate.h */ = {isa = PBXFileReference; lastKnownFileType = sourcecode.c.h; path = TuneFightAppDelegate.h; sourceTree = "<group>"; };
		7338D2E312E0FE5300F10429 /* TuneFightAppDelegate.m */ = {isa = PBXFileReference; lastKnownFileType = sourcecode.c.objc; path = TuneFightAppDelegate.m; sourceTree = "<group>"; };
		7338D2FB12E100EC00F10429 /* RootViewController.h */ = {isa = PBXFileReference; fileEncoding = 4; lastKnownFileType = sourcecode.c.h; path = RootViewController.h; sourceTree = "<group>"; };
		7338D2FC12E100EC00F10429 /* RootViewController.m */ = {isa = PBXFileReference; fileEncoding = 4; lastKnownFileType = sourcecode.c.objc; path = RootViewController.m; sourceTree = "<group>"; };
		7338D2FE12E1038500F10429 /* TuneView.h */ = {isa = PBXFileReference; fileEncoding = 4; lastKnownFileType = sourcecode.c.h; path = TuneView.h; sourceTree = "<group>"; };
		7338D2FF12E1038500F10429 /* TuneView.m */ = {isa = PBXFileReference; fileEncoding = 4; lastKnownFileType = sourcecode.c.objc; path = TuneView.m; sourceTree = "<group>"; };
		7376386612E26516009A3A5D /* Accelerate.framework */ = {isa = PBXFileReference; lastKnownFileType = wrapper.framework; name = Accelerate.framework; path = System/Library/Frameworks/Accelerate.framework; sourceTree = SDKROOT; };
		73B783FB12E10C6B00B313C3 /* CoreMedia.framework */ = {isa = PBXFileReference; lastKnownFileType = wrapper.framework; name = CoreMedia.framework; path = System/Library/Frameworks/CoreMedia.framework; sourceTree = SDKROOT; };
		73B783FD12E10C6B00B313C3 /* MediaPlayer.framework */ = {isa = PBXFileReference; lastKnownFileType = wrapper.framework; name = MediaPlayer.framework; path = System/Library/Frameworks/MediaPlayer.framework; sourceTree = SDKROOT; };
		73B7840712E10C9900B313C3 /* AVFoundation.framework */ = {isa = PBXFileReference; lastKnownFileType = wrapper.framework; name = AVFoundation.framework; path = System/Library/Frameworks/AVFoundation.framework; sourceTree = SDKROOT; };
		73D92DFA12E6520900A3379C /* PCMView.h */ = {isa = PBXFileReference; fileEncoding = 4; lastKnownFileType = sourcecode.c.h; path = PCMView.h; sourceTree = "<group>"; };
		73D92DFB12E6520900A3379C /* PCMView.m */ = {isa = PBXFileReference; fileEncoding = 4; lastKnownFileType = sourcecode.c.objc; path = PCMView.m; sourceTree = "<group>"; };
		73DB58FB12E3167800462828 /* HistogramView.h */ = {isa = PBXFileReference; fileEncoding = 4; lastKnownFileType = sourcecode.c.h; path = HistogramView.h; sourceTree = "<group>"; };
		73DB58FC12E3167800462828 /* HistogramView.m */ = {isa = PBXFileReference; fileEncoding = 4; lastKnownFileType = sourcecode.c.objc; path = HistogramView.m; sourceTree = "<group>"; wrapsLines = 1; };
		73DB5BEF12E387FD00462828 /* QuartzCore.framework */ = {isa = PBXFileReference; lastKnownFileType = wrapper.framework; name = QuartzCore.framework; path = System/Library/Frameworks/QuartzCore.framework; sourceTree = SDKROOT; };
/* End PBXFileReference section */

/* Begin PBXFrameworksBuildPhase section */
		7338D2CC12E0FE5300F10429 /* Frameworks */ = {
			isa = PBXFrameworksBuildPhase;
			buildActionMask = 2147483647;
			files = (
				7338D2D412E0FE5300F10429 /* UIKit.framework in Frameworks */,
				7338D2D612E0FE5300F10429 /* Foundation.framework in Frameworks */,
				7338D2D812E0FE5300F10429 /* CoreGraphics.framework in Frameworks */,
				73B783FC12E10C6B00B313C3 /* CoreMedia.framework in Frameworks */,
				73B783FE12E10C6B00B313C3 /* MediaPlayer.framework in Frameworks */,
				73B7840812E10C9900B313C3 /* AVFoundation.framework in Frameworks */,
				7376386712E26516009A3A5D /* Accelerate.framework in Frameworks */,
				73DB5BF012E387FD00462828 /* QuartzCore.framework in Frameworks */,
			);
			runOnlyForDeploymentPostprocessing = 0;
		};
/* End PBXFrameworksBuildPhase section */

/* Begin PBXGroup section */
		7338D2C412E0FE5300F10429 = {
			isa = PBXGroup;
			children = (
				7338D2D912E0FE5300F10429 /* TuneFight */,
				7338D2D212E0FE5300F10429 /* Frameworks */,
				7338D2D012E0FE5300F10429 /* Products */,
			);
			sourceTree = "<group>";
		};
		7338D2D012E0FE5300F10429 /* Products */ = {
			isa = PBXGroup;
			children = (
				7338D2CF12E0FE5300F10429 /* TuneFight.app */,
			);
			name = Products;
			sourceTree = "<group>";
		};
		7338D2D212E0FE5300F10429 /* Frameworks */ = {
			isa = PBXGroup;
			children = (
				73DB5BEF12E387FD00462828 /* QuartzCore.framework */,
				7376386612E26516009A3A5D /* Accelerate.framework */,
				7338D2D312E0FE5300F10429 /* UIKit.framework */,
				7338D2D512E0FE5300F10429 /* Foundation.framework */,
				7338D2D712E0FE5300F10429 /* CoreGraphics.framework */,
				73B783FB12E10C6B00B313C3 /* CoreMedia.framework */,
				73B783FD12E10C6B00B313C3 /* MediaPlayer.framework */,
				73B7840712E10C9900B313C3 /* AVFoundation.framework */,
			);
			name = Frameworks;
			sourceTree = "<group>";
		};
		7338D2D912E0FE5300F10429 /* TuneFight */ = {
			isa = PBXGroup;
			children = (
				7338D2E212E0FE5300F10429 /* TuneFightAppDelegate.h */,
				7338D2E312E0FE5300F10429 /* TuneFightAppDelegate.m */,
				7338D2FB12E100EC00F10429 /* RootViewController.h */,
				7338D2FC12E100EC00F10429 /* RootViewController.m */,
				7338D2FE12E1038500F10429 /* TuneView.h */,
				7338D2FF12E1038500F10429 /* TuneView.m */,
				73DB58FB12E3167800462828 /* HistogramView.h */,
				73DB58FC12E3167800462828 /* HistogramView.m */,
				73D92DFA12E6520900A3379C /* PCMView.h */,
				73D92DFB12E6520900A3379C /* PCMView.m */,
				7338D2DA12E0FE5300F10429 /* Supporting Files */,
			);
			path = TuneFight;
			sourceTree = "<group>";
		};
		7338D2DA12E0FE5300F10429 /* Supporting Files */ = {
			isa = PBXGroup;
			children = (
				7338D2DB12E0FE5300F10429 /* TuneFight-Info.plist */,
				7338D2DC12E0FE5300F10429 /* InfoPlist.strings */,
				7338D2DF12E0FE5300F10429 /* TuneFight-Prefix.pch */,
				7338D2E012E0FE5300F10429 /* main.m */,
			);
			name = "Supporting Files";
			sourceTree = "<group>";
		};
/* End PBXGroup section */

/* Begin PBXNativeTarget section */
		7338D2CE12E0FE5300F10429 /* TuneFight */ = {
			isa = PBXNativeTarget;
			buildConfigurationList = 7338D2F512E0FE5400F10429 /* Build configuration list for PBXNativeTarget "TuneFight" */;
			buildPhases = (
				7338D2CB12E0FE5300F10429 /* Sources */,
				7338D2CC12E0FE5300F10429 /* Frameworks */,
				7338D2CD12E0FE5300F10429 /* Resources */,
			);
			buildRules = (
			);
			dependencies = (
			);
			name = TuneFight;
			productName = TuneFight;
			productReference = 7338D2CF12E0FE5300F10429 /* TuneFight.app */;
			productType = "com.apple.product-type.application";
		};
/* End PBXNativeTarget section */

/* Begin PBXProject section */
		7338D2C612E0FE5300F10429 /* Project object */ = {
			isa = PBXProject;
			buildConfigurationList = 7338D2C912E0FE5300F10429 /* Build configuration list for PBXProject "TuneFight" */;
			compatibilityVersion = "Xcode 3.2";
			developmentRegion = English;
			hasScannedForEncodings = 0;
			knownRegions = (
				en,
			);
			mainGroup = 7338D2C412E0FE5300F10429;
			productRefGroup = 7338D2D012E0FE5300F10429 /* Products */;
			projectDirPath = "";
			projectRoot = "";
			targets = (
				7338D2CE12E0FE5300F10429 /* TuneFight */,
			);
		};
/* End PBXProject section */

/* Begin PBXResourcesBuildPhase section */
		7338D2CD12E0FE5300F10429 /* Resources */ = {
			isa = PBXResourcesBuildPhase;
			buildActionMask = 2147483647;
			files = (
				7338D2DE12E0FE5300F10429 /* InfoPlist.strings in Resources */,
			);
			runOnlyForDeploymentPostprocessing = 0;
		};
/* End PBXResourcesBuildPhase section */

/* Begin PBXSourcesBuildPhase section */
		7338D2CB12E0FE5300F10429 /* Sources */ = {
			isa = PBXSourcesBuildPhase;
			buildActionMask = 2147483647;
			files = (
				7338D2E112E0FE5300F10429 /* main.m in Sources */,
				7338D2E412E0FE5300F10429 /* TuneFightAppDelegate.m in Sources */,
				7338D2FD12E100EC00F10429 /* RootViewController.m in Sources */,
				7338D30012E1038500F10429 /* TuneView.m in Sources */,
				73DB58FD12E3167800462828 /* HistogramView.m in Sources */,
				73D92DFC12E6520900A3379C /* PCMView.m in Sources */,
			);
			runOnlyForDeploymentPostprocessing = 0;
		};
/* End PBXSourcesBuildPhase section */

/* Begin PBXVariantGroup section */
		7338D2DC12E0FE5300F10429 /* InfoPlist.strings */ = {
			isa = PBXVariantGroup;
			children = (
				7338D2DD12E0FE5300F10429 /* en */,
			);
			name = InfoPlist.strings;
			sourceTree = "<group>";
		};
/* End PBXVariantGroup section */

/* Begin XCBuildConfiguration section */
		7338D2F312E0FE5400F10429 /* Debug */ = {
			isa = XCBuildConfiguration;
			buildSettings = {
				ARCHS = "$(ARCHS_UNIVERSAL_IPHONE_OS)";
				"CODE_SIGN_IDENTITY[sdk=iphoneos*]" = "iPhone Developer";
				GCC_C_LANGUAGE_STANDARD = gnu99;
				GCC_OPTIMIZATION_LEVEL = 0;
				GCC_PREPROCESSOR_DEFINITIONS = DEBUG;
				GCC_WARN_ABOUT_RETURN_TYPE = YES;
				GCC_WARN_UNUSED_VARIABLE = YES;
				IPHONEOS_DEPLOYMENT_TARGET = 4.2;
				SDKROOT = iphoneos;
				TARGETED_DEVICE_FAMILY = "1,2";
			};
			name = Debug;
		};
		7338D2F412E0FE5400F10429 /* Release */ = {
			isa = XCBuildConfiguration;
			buildSettings = {
				ARCHS = "$(ARCHS_UNIVERSAL_IPHONE_OS)";
				"CODE_SIGN_IDENTITY[sdk=iphoneos*]" = "iPhone Developer";
				GCC_C_LANGUAGE_STANDARD = gnu99;
				GCC_WARN_ABOUT_RETURN_TYPE = YES;
				GCC_WARN_UNUSED_VARIABLE = YES;
				IPHONEOS_DEPLOYMENT_TARGET = 4.2;
				OTHER_CFLAGS = "-DNS_BLOCK_ASSERTIONS=1";
				SDKROOT = iphoneos;
				TARGETED_DEVICE_FAMILY = "1,2";
			};
			name = Release;
		};
		7338D2F612E0FE5400F10429 /* Debug */ = {
			isa = XCBuildConfiguration;
			buildSettings = {
				ALWAYS_SEARCH_USER_PATHS = NO;
				COPY_PHASE_STRIP = NO;
				FRAMEWORK_SEARCH_PATHS = (
					"$(inherited)",
					"\"$(SRCROOT)\"",
				);
				GCC_DYNAMIC_NO_PIC = NO;
				GCC_PRECOMPILE_PREFIX_HEADER = YES;
				GCC_PREFIX_HEADER = "TuneFight/TuneFight-Prefix.pch";
				INFOPLIST_FILE = "TuneFight/TuneFight-Info.plist";
				IPHONEOS_DEPLOYMENT_TARGET = 4.2;
				PRODUCT_NAME = "$(TARGET_NAME)";
				TARGETED_DEVICE_FAMILY = 2;
				WRAPPER_EXTENSION = app;
			};
			name = Debug;
		};
		7338D2F712E0FE5400F10429 /* Release */ = {
			isa = XCBuildConfiguration;
			buildSettings = {
				ALWAYS_SEARCH_USER_PATHS = NO;
				COPY_PHASE_STRIP = YES;
				FRAMEWORK_SEARCH_PATHS = (
					"$(inherited)",
					"\"$(SRCROOT)\"",
				);
				GCC_PRECOMPILE_PREFIX_HEADER = YES;
				GCC_PREFIX_HEADER = "TuneFight/TuneFight-Prefix.pch";
				INFOPLIST_FILE = "TuneFight/TuneFight-Info.plist";
				IPHONEOS_DEPLOYMENT_TARGET = 4.2;
				PRODUCT_NAME = "$(TARGET_NAME)";
				TARGETED_DEVICE_FAMILY = 2;
				VALIDATE_PRODUCT = YES;
				WRAPPER_EXTENSION = app;
			};
			name = Release;
		};
/* End XCBuildConfiguration section */

/* Begin XCConfigurationList section */
		7338D2C912E0FE5300F10429 /* Build configuration list for PBXProject "TuneFight" */ = {
			isa = XCConfigurationList;
			buildConfigurations = (
				7338D2F312E0FE5400F10429 /* Debug */,
				7338D2F412E0FE5400F10429 /* Release */,
			);
			defaultConfigurationIsVisible = 0;
			defaultConfigurationName = Release;
		};
		7338D2F512E0FE5400F10429 /* Build configuration list for PBXNativeTarget "TuneFight" */ = {
			isa = XCConfigurationList;
			buildConfigurations = (
				7338D2F612E0FE5400F10429 /* Debug */,
				7338D2F712E0FE5400F10429 /* Release */,
			);
			defaultConfigurationIsVisible = 0;
			defaultConfigurationName = Release;
		};
/* End XCConfigurationList section */
	};
	rootObject = 7338D2C612E0FE5300F10429 /* Project object */;
}
